
Microsoft Visual Studio Solution File, Format Version 12.00
# Visual Studio Version 16
VisualStudioVersion = 16.0.30907.101
MinimumVisualStudioVersion = 10.0.40219.1
Project("{FAE04EC0-301F-11D3-BF4B-00C04F79EFBC}") = "Ext.NETcalisma2", "Ext.NETcalisma2\Ext.NETcalisma2.csproj", "{1BE13EE1-D75C-4638-A888-7A5DCAD025CC}"
EndProject
Global
	GlobalSection(SolutionConfigurationPlatforms) = preSolution
		Debug|Any CPU = Debug|Any CPU
		Release|Any CPU = Release|Any CPU
	EndGlobalSection
	GlobalSection(ProjectConfigurationPlatforms) = postSolution
		{1BE13EE1-D75C-4638-A888-7A5DCAD025CC}.Debug|Any CPU.ActiveCfg = Debug|Any CPU
		{1BE13EE1-D75C-4638-A888-7A5DCAD025CC}.Debug|Any CPU.Build.0 = Debug|Any CPU
		{1BE13EE1-D75C-4638-A888-7A5DCAD025CC}.Release|Any CPU.ActiveCfg = Release|Any CPU
		{1BE13EE1-D75C-4638-A888-7A5DCAD025CC}.Release|Any CPU.Build.0 = Release|Any CPU
	EndGlobalSection
	GlobalSection(SolutionProperties) = preSolution
		HideSolutionNode = FALSE
	EndGlobalSection
	GlobalSection(ExtensibilityGlobals) = postSolution
		SolutionGuid = {D0257025-F691-4664-8B77-BC5513231897}
	EndGlobalSection
EndGlobal
